// !$*UTF8*$!
{
	archiveVersion = 1;
	classes = {
	};
	objectVersion = 56;
	objects = {

/* Begin PBXBuildFile section */
		7420244429F31AD500548565 /* UberClone_SwiftUIApp.swift in Sources */ = {isa = PBXBuildFile; fileRef = 7420244329F31AD500548565 /* UberClone_SwiftUIApp.swift */; };
		7420244829F31AD500548565 /* Assets.xcassets in Resources */ = {isa = PBXBuildFile; fileRef = 7420244729F31AD500548565 /* Assets.xcassets */; };
		7420244B29F31AD500548565 /* Preview Assets.xcassets in Resources */ = {isa = PBXBuildFile; fileRef = 7420244A29F31AD500548565 /* Preview Assets.xcassets */; };
		7420245D29F31BEF00548565 /* HomeView.swift in Sources */ = {isa = PBXBuildFile; fileRef = 7420245C29F31BEF00548565 /* HomeView.swift */; };
		7420245F29F31C1000548565 /* UberMapViewRepresentable.swift in Sources */ = {isa = PBXBuildFile; fileRef = 7420245E29F31C1000548565 /* UberMapViewRepresentable.swift */; };
		7420246129F31D4500548565 /* LocationManager.swift in Sources */ = {isa = PBXBuildFile; fileRef = 7420246029F31D4500548565 /* LocationManager.swift */; };
		7420246729F3BAD000548565 /* LocationSearchActivationView.swift in Sources */ = {isa = PBXBuildFile; fileRef = 7420246629F3BAD000548565 /* LocationSearchActivationView.swift */; };
		7420246929F3BEFC00548565 /* MapViewActionButton.swift in Sources */ = {isa = PBXBuildFile; fileRef = 7420246829F3BEFC00548565 /* MapViewActionButton.swift */; };
		7420246D29F3C1E700548565 /* LocationSearchResultCell.swift in Sources */ = {isa = PBXBuildFile; fileRef = 7420246C29F3C1E700548565 /* LocationSearchResultCell.swift */; };
		7420246F29F3D16A00548565 /* LocationSearchViewModel.swift in Sources */ = {isa = PBXBuildFile; fileRef = 7420246E29F3D16A00548565 /* LocationSearchViewModel.swift */; };
		7420247129F3FE7500548565 /* MapViewState.swift in Sources */ = {isa = PBXBuildFile; fileRef = 7420247029F3FE7500548565 /* MapViewState.swift */; };
		7420247429F434FC00548565 /* RideRequestView.swift in Sources */ = {isa = PBXBuildFile; fileRef = 7420247329F434FC00548565 /* RideRequestView.swift */; };
		7420247629F4545D00548565 /* RideType.swift in Sources */ = {isa = PBXBuildFile; fileRef = 7420247529F4545D00548565 /* RideType.swift */; };
		74F2632929F5A44F0081D7DF /* LocationSearchView.swift in Sources */ = {isa = PBXBuildFile; fileRef = 74F2632829F5A44F0081D7DF /* LocationSearchView.swift */; };
		74F2632B29F6A6E90081D7DF /* Double.swift in Sources */ = {isa = PBXBuildFile; fileRef = 74F2632A29F6A6E90081D7DF /* Double.swift */; };
		74F2632D29F6A8A60081D7DF /* UberLocation.swift in Sources */ = {isa = PBXBuildFile; fileRef = 74F2632C29F6A8A60081D7DF /* UberLocation.swift */; };
		74F2632F29F6C72C0081D7DF /* Color.swift in Sources */ = {isa = PBXBuildFile; fileRef = 74F2632E29F6C72C0081D7DF /* Color.swift */; };
/* End PBXBuildFile section */

/* Begin PBXFileReference section */
		7420244029F31AD500548565 /* UberClone-SwiftUI.app */ = {isa = PBXFileReference; explicitFileType = wrapper.application; includeInIndex = 0; path = "UberClone-SwiftUI.app"; sourceTree = BUILT_PRODUCTS_DIR; };
		7420244329F31AD500548565 /* UberClone_SwiftUIApp.swift */ = {isa = PBXFileReference; lastKnownFileType = sourcecode.swift; path = UberClone_SwiftUIApp.swift; sourceTree = "<group>"; };
		7420244729F31AD500548565 /* Assets.xcassets */ = {isa = PBXFileReference; lastKnownFileType = folder.assetcatalog; path = Assets.xcassets; sourceTree = "<group>"; };
		7420244A29F31AD500548565 /* Preview Assets.xcassets */ = {isa = PBXFileReference; lastKnownFileType = folder.assetcatalog; path = "Preview Assets.xcassets"; sourceTree = "<group>"; };
		7420245C29F31BEF00548565 /* HomeView.swift */ = {isa = PBXFileReference; lastKnownFileType = sourcecode.swift; path = HomeView.swift; sourceTree = "<group>"; };
		7420245E29F31C1000548565 /* UberMapViewRepresentable.swift */ = {isa = PBXFileReference; lastKnownFileType = sourcecode.swift; path = UberMapViewRepresentable.swift; sourceTree = "<group>"; };
		7420246029F31D4500548565 /* LocationManager.swift */ = {isa = PBXFileReference; lastKnownFileType = sourcecode.swift; path = LocationManager.swift; sourceTree = "<group>"; };
		7420246629F3BAD000548565 /* LocationSearchActivationView.swift */ = {isa = PBXFileReference; lastKnownFileType = sourcecode.swift; path = LocationSearchActivationView.swift; sourceTree = "<group>"; };
		7420246829F3BEFC00548565 /* MapViewActionButton.swift */ = {isa = PBXFileReference; lastKnownFileType = sourcecode.swift; path = MapViewActionButton.swift; sourceTree = "<group>"; };
		7420246C29F3C1E700548565 /* LocationSearchResultCell.swift */ = {isa = PBXFileReference; lastKnownFileType = sourcecode.swift; path = LocationSearchResultCell.swift; sourceTree = "<group>"; };
		7420246E29F3D16A00548565 /* LocationSearchViewModel.swift */ = {isa = PBXFileReference; lastKnownFileType = sourcecode.swift; path = LocationSearchViewModel.swift; sourceTree = "<group>"; };
		7420247029F3FE7500548565 /* MapViewState.swift */ = {isa = PBXFileReference; lastKnownFileType = sourcecode.swift; path = MapViewState.swift; sourceTree = "<group>"; };
		7420247329F434FC00548565 /* RideRequestView.swift */ = {isa = PBXFileReference; lastKnownFileType = sourcecode.swift; path = RideRequestView.swift; sourceTree = "<group>"; };
		7420247529F4545D00548565 /* RideType.swift */ = {isa = PBXFileReference; lastKnownFileType = sourcecode.swift; path = RideType.swift; sourceTree = "<group>"; };
		74F2632829F5A44F0081D7DF /* LocationSearchView.swift */ = {isa = PBXFileReference; lastKnownFileType = sourcecode.swift; path = LocationSearchView.swift; sourceTree = "<group>"; };
		74F2632A29F6A6E90081D7DF /* Double.swift */ = {isa = PBXFileReference; lastKnownFileType = sourcecode.swift; path = Double.swift; sourceTree = "<group>"; };
		74F2632C29F6A8A60081D7DF /* UberLocation.swift */ = {isa = PBXFileReference; lastKnownFileType = sourcecode.swift; path = UberLocation.swift; sourceTree = "<group>"; };
		74F2632E29F6C72C0081D7DF /* Color.swift */ = {isa = PBXFileReference; lastKnownFileType = sourcecode.swift; path = Color.swift; sourceTree = "<group>"; };
/* End PBXFileReference section */

/* Begin PBXFrameworksBuildPhase section */
		7420243D29F31AD500548565 /* Frameworks */ = {
			isa = PBXFrameworksBuildPhase;
			buildActionMask = 2147483647;
			files = (
			);
			runOnlyForDeploymentPostprocessing = 0;
		};
/* End PBXFrameworksBuildPhase section */

/* Begin PBXGroup section */
		7420243729F31AD500548565 = {
			isa = PBXGroup;
			children = (
				7420244229F31AD500548565 /* UberClone-SwiftUI */,
				7420244129F31AD500548565 /* Products */,
			);
			sourceTree = "<group>";
		};
		7420244129F31AD500548565 /* Products */ = {
			isa = PBXGroup;
			children = (
				7420244029F31AD500548565 /* UberClone-SwiftUI.app */,
			);
			name = Products;
			sourceTree = "<group>";
		};
		7420244229F31AD500548565 /* UberClone-SwiftUI */ = {
			isa = PBXGroup;
			children = (
				7420245929F31B2100548565 /* App */,
				7420245829F31B1F00548565 /* Core */,
				74F2632429F5A3650081D7DF /* Extensions */,
				7420245629F31B0C00548565 /* Managers */,
				7420245129F31AF500548565 /* Models */,
				7420244729F31AD500548565 /* Assets.xcassets */,
				7420244929F31AD500548565 /* Preview Content */,
			);
			path = "UberClone-SwiftUI";
			sourceTree = "<group>";
		};
		7420244929F31AD500548565 /* Preview Content */ = {
			isa = PBXGroup;
			children = (
				7420244A29F31AD500548565 /* Preview Assets.xcassets */,
			);
			path = "Preview Content";
			sourceTree = "<group>";
		};
		7420245129F31AF500548565 /* Models */ = {
			isa = PBXGroup;
			children = (
				7420247029F3FE7500548565 /* MapViewState.swift */,
				7420247529F4545D00548565 /* RideType.swift */,
				74F2632C29F6A8A60081D7DF /* UberLocation.swift */,
			);
			path = Models;
			sourceTree = "<group>";
		};
		7420245629F31B0C00548565 /* Managers */ = {
			isa = PBXGroup;
			children = (
				7420246029F31D4500548565 /* LocationManager.swift */,
			);
			path = Managers;
			sourceTree = "<group>";
		};
		7420245829F31B1F00548565 /* Core */ = {
			isa = PBXGroup;
			children = (
				7420247229F434EF00548565 /* Trips */,
				7420246329F3BAAE00548565 /* LocationSearch */,
				7420246229F3BA9F00548565 /* Home */,
			);
			path = Core;
			sourceTree = "<group>";
		};
		7420245929F31B2100548565 /* App */ = {
			isa = PBXGroup;
			children = (
				7420244329F31AD500548565 /* UberClone_SwiftUIApp.swift */,
			);
			path = App;
			sourceTree = "<group>";
		};
		7420245B29F31BC400548565 /* Views */ = {
			isa = PBXGroup;
			children = (
				7420245C29F31BEF00548565 /* HomeView.swift */,
				7420245E29F31C1000548565 /* UberMapViewRepresentable.swift */,
				7420246829F3BEFC00548565 /* MapViewActionButton.swift */,
			);
			path = Views;
			sourceTree = "<group>";
		};
		7420246229F3BA9F00548565 /* Home */ = {
			isa = PBXGroup;
			children = (
				7420245B29F31BC400548565 /* Views */,
				74F2632729F5A3E50081D7DF /* ViewModel */,
			);
			path = Home;
			sourceTree = "<group>";
		};
		7420246329F3BAAE00548565 /* LocationSearch */ = {
			isa = PBXGroup;
			children = (
				7420246529F3BAB600548565 /* ViewModel */,
				7420246429F3BAB200548565 /* View */,
			);
			path = LocationSearch;
			sourceTree = "<group>";
		};
		7420246429F3BAB200548565 /* View */ = {
			isa = PBXGroup;
			children = (
				7420246629F3BAD000548565 /* LocationSearchActivationView.swift */,
				7420246C29F3C1E700548565 /* LocationSearchResultCell.swift */,
				74F2632829F5A44F0081D7DF /* LocationSearchView.swift */,
			);
			path = View;
			sourceTree = "<group>";
		};
		7420246529F3BAB600548565 /* ViewModel */ = {
			isa = PBXGroup;
			children = (
				7420246E29F3D16A00548565 /* LocationSearchViewModel.swift */,
			);
			path = ViewModel;
			sourceTree = "<group>";
		};
		7420247229F434EF00548565 /* Trips */ = {
			isa = PBXGroup;
			children = (
				7420247329F434FC00548565 /* RideRequestView.swift */,
			);
			path = Trips;
			sourceTree = "<group>";
		};
		74F2632429F5A3650081D7DF /* Extensions */ = {
			isa = PBXGroup;
			children = (
				74F2632A29F6A6E90081D7DF /* Double.swift */,
				74F2632E29F6C72C0081D7DF /* Color.swift */,
			);
			path = Extensions;
			sourceTree = "<group>";
		};
		74F2632729F5A3E50081D7DF /* ViewModel */ = {
			isa = PBXGroup;
			children = (
			);
			path = ViewModel;
			sourceTree = "<group>";
		};
/* End PBXGroup section */

/* Begin PBXNativeTarget section */
		7420243F29F31AD500548565 /* UberClone-SwiftUI */ = {
			isa = PBXNativeTarget;
			buildConfigurationList = 7420244E29F31AD500548565 /* Build configuration list for PBXNativeTarget "UberClone-SwiftUI" */;
			buildPhases = (
				7420243C29F31AD500548565 /* Sources */,
				7420243D29F31AD500548565 /* Frameworks */,
				7420243E29F31AD500548565 /* Resources */,
			);
			buildRules = (
			);
			dependencies = (
			);
			name = "UberClone-SwiftUI";
			productName = "UberClone-SwiftUI";
			productReference = 7420244029F31AD500548565 /* UberClone-SwiftUI.app */;
			productType = "com.apple.product-type.application";
		};
/* End PBXNativeTarget section */

/* Begin PBXProject section */
		7420243829F31AD500548565 /* Project object */ = {
			isa = PBXProject;
			attributes = {
				BuildIndependentTargetsInParallel = 1;
				LastSwiftUpdateCheck = 1430;
				LastUpgradeCheck = 1430;
				TargetAttributes = {
					7420243F29F31AD500548565 = {
						CreatedOnToolsVersion = 14.3;
					};
				};
			};
			buildConfigurationList = 7420243B29F31AD500548565 /* Build configuration list for PBXProject "UberClone-SwiftUI" */;
			compatibilityVersion = "Xcode 14.0";
			developmentRegion = en;
			hasScannedForEncodings = 0;
			knownRegions = (
				en,
				Base,
			);
			mainGroup = 7420243729F31AD500548565;
			productRefGroup = 7420244129F31AD500548565 /* Products */;
			projectDirPath = "";
			projectRoot = "";
			targets = (
				7420243F29F31AD500548565 /* UberClone-SwiftUI */,
			);
		};
/* End PBXProject section */

/* Begin PBXResourcesBuildPhase section */
		7420243E29F31AD500548565 /* Resources */ = {
			isa = PBXResourcesBuildPhase;
			buildActionMask = 2147483647;
			files = (
				7420244B29F31AD500548565 /* Preview Assets.xcassets in Resources */,
				7420244829F31AD500548565 /* Assets.xcassets in Resources */,
			);
			runOnlyForDeploymentPostprocessing = 0;
		};
/* End PBXResourcesBuildPhase section */

/* Begin PBXSourcesBuildPhase section */
		7420243C29F31AD500548565 /* Sources */ = {
			isa = PBXSourcesBuildPhase;
			buildActionMask = 2147483647;
			files = (
				7420246F29F3D16A00548565 /* LocationSearchViewModel.swift in Sources */,
				74F2632929F5A44F0081D7DF /* LocationSearchView.swift in Sources */,
				7420246729F3BAD000548565 /* LocationSearchActivationView.swift in Sources */,
				7420246929F3BEFC00548565 /* MapViewActionButton.swift in Sources */,
				74F2632B29F6A6E90081D7DF /* Double.swift in Sources */,
				7420247429F434FC00548565 /* RideRequestView.swift in Sources */,
				7420247129F3FE7500548565 /* MapViewState.swift in Sources */,
				7420246129F31D4500548565 /* LocationManager.swift in Sources */,
				74F2632F29F6C72C0081D7DF /* Color.swift in Sources */,
				7420244429F31AD500548565 /* UberClone_SwiftUIApp.swift in Sources */,
				7420245F29F31C1000548565 /* UberMapViewRepresentable.swift in Sources */,
				74F2632D29F6A8A60081D7DF /* UberLocation.swift in Sources */,
				7420245D29F31BEF00548565 /* HomeView.swift in Sources */,
				7420246D29F3C1E700548565 /* LocationSearchResultCell.swift in Sources */,
				7420247629F4545D00548565 /* RideType.swift in Sources */,
			);
			runOnlyForDeploymentPostprocessing = 0;
		};
/* End PBXSourcesBuildPhase section */

/* Begin XCBuildConfiguration section */
		7420244C29F31AD500548565 /* Debug */ = {
			isa = XCBuildConfiguration;
			buildSettings = {
				ALWAYS_SEARCH_USER_PATHS = NO;
				CLANG_ANALYZER_NONNULL = YES;
				CLANG_ANALYZER_NUMBER_OBJECT_CONVERSION = YES_AGGRESSIVE;
				CLANG_CXX_LANGUAGE_STANDARD = "gnu++20";
				CLANG_ENABLE_MODULES = YES;
				CLANG_ENABLE_OBJC_ARC = YES;
				CLANG_ENABLE_OBJC_WEAK = YES;
				CLANG_WARN_BLOCK_CAPTURE_AUTORELEASING = YES;
				CLANG_WARN_BOOL_CONVERSION = YES;
				CLANG_WARN_COMMA = YES;
				CLANG_WARN_CONSTANT_CONVERSION = YES;
				CLANG_WARN_DEPRECATED_OBJC_IMPLEMENTATIONS = YES;
				CLANG_WARN_DIRECT_OBJC_ISA_USAGE = YES_ERROR;
				CLANG_WARN_DOCUMENTATION_COMMENTS = YES;
				CLANG_WARN_EMPTY_BODY = YES;
				CLANG_WARN_ENUM_CONVERSION = YES;
				CLANG_WARN_INFINITE_RECURSION = YES;
				CLANG_WARN_INT_CONVERSION = YES;
				CLANG_WARN_NON_LITERAL_NULL_CONVERSION = YES;
				CLANG_WARN_OBJC_IMPLICIT_RETAIN_SELF = YES;
				CLANG_WARN_OBJC_LITERAL_CONVERSION = YES;
				CLANG_WARN_OBJC_ROOT_CLASS = YES_ERROR;
				CLANG_WARN_QUOTED_INCLUDE_IN_FRAMEWORK_HEADER = YES;
				CLANG_WARN_RANGE_LOOP_ANALYSIS = YES;
				CLANG_WARN_STRICT_PROTOTYPES = YES;
				CLANG_WARN_SUSPICIOUS_MOVE = YES;
				CLANG_WARN_UNGUARDED_AVAILABILITY = YES_AGGRESSIVE;
				CLANG_WARN_UNREACHABLE_CODE = YES;
				CLANG_WARN__DUPLICATE_METHOD_MATCH = YES;
				COPY_PHASE_STRIP = NO;
				DEBUG_INFORMATION_FORMAT = dwarf;
				ENABLE_STRICT_OBJC_MSGSEND = YES;
				ENABLE_TESTABILITY = YES;
				GCC_C_LANGUAGE_STANDARD = gnu11;
				GCC_DYNAMIC_NO_PIC = NO;
				GCC_NO_COMMON_BLOCKS = YES;
				GCC_OPTIMIZATION_LEVEL = 0;
				GCC_PREPROCESSOR_DEFINITIONS = (
					"DEBUG=1",
					"$(inherited)",
				);
				GCC_WARN_64_TO_32_BIT_CONVERSION = YES;
				GCC_WARN_ABOUT_RETURN_TYPE = YES_ERROR;
				GCC_WARN_UNDECLARED_SELECTOR = YES;
				GCC_WARN_UNINITIALIZED_AUTOS = YES_AGGRESSIVE;
				GCC_WARN_UNUSED_FUNCTION = YES;
				GCC_WARN_UNUSED_VARIABLE = YES;
				IPHONEOS_DEPLOYMENT_TARGET = 16.4;
				MTL_ENABLE_DEBUG_INFO = INCLUDE_SOURCE;
				MTL_FAST_MATH = YES;
				ONLY_ACTIVE_ARCH = YES;
				SDKROOT = iphoneos;
				SWIFT_ACTIVE_COMPILATION_CONDITIONS = DEBUG;
				SWIFT_OPTIMIZATION_LEVEL = "-Onone";
			};
			name = Debug;
		};
		7420244D29F31AD500548565 /* Release */ = {
			isa = XCBuildConfiguration;
			buildSettings = {
				ALWAYS_SEARCH_USER_PATHS = NO;
				CLANG_ANALYZER_NONNULL = YES;
				CLANG_ANALYZER_NUMBER_OBJECT_CONVERSION = YES_AGGRESSIVE;
				CLANG_CXX_LANGUAGE_STANDARD = "gnu++20";
				CLANG_ENABLE_MODULES = YES;
				CLANG_ENABLE_OBJC_ARC = YES;
				CLANG_ENABLE_OBJC_WEAK = YES;
				CLANG_WARN_BLOCK_CAPTURE_AUTORELEASING = YES;
				CLANG_WARN_BOOL_CONVERSION = YES;
				CLANG_WARN_COMMA = YES;
				CLANG_WARN_CONSTANT_CONVERSION = YES;
				CLANG_WARN_DEPRECATED_OBJC_IMPLEMENTATIONS = YES;
				CLANG_WARN_DIRECT_OBJC_ISA_USAGE = YES_ERROR;
				CLANG_WARN_DOCUMENTATION_COMMENTS = YES;
				CLANG_WARN_EMPTY_BODY = YES;
				CLANG_WARN_ENUM_CONVERSION = YES;
				CLANG_WARN_INFINITE_RECURSION = YES;
				CLANG_WARN_INT_CONVERSION = YES;
				CLANG_WARN_NON_LITERAL_NULL_CONVERSION = YES;
				CLANG_WARN_OBJC_IMPLICIT_RETAIN_SELF = YES;
				CLANG_WARN_OBJC_LITERAL_CONVERSION = YES;
				CLANG_WARN_OBJC_ROOT_CLASS = YES_ERROR;
				CLANG_WARN_QUOTED_INCLUDE_IN_FRAMEWORK_HEADER = YES;
				CLANG_WARN_RANGE_LOOP_ANALYSIS = YES;
				CLANG_WARN_STRICT_PROTOTYPES = YES;
				CLANG_WARN_SUSPICIOUS_MOVE = YES;
				CLANG_WARN_UNGUARDED_AVAILABILITY = YES_AGGRESSIVE;
				CLANG_WARN_UNREACHABLE_CODE = YES;
				CLANG_WARN__DUPLICATE_METHOD_MATCH = YES;
				COPY_PHASE_STRIP = NO;
				DEBUG_INFORMATION_FORMAT = "dwarf-with-dsym";
				ENABLE_NS_ASSERTIONS = NO;
				ENABLE_STRICT_OBJC_MSGSEND = YES;
				GCC_C_LANGUAGE_STANDARD = gnu11;
				GCC_NO_COMMON_BLOCKS = YES;
				GCC_WARN_64_TO_32_BIT_CONVERSION = YES;
				GCC_WARN_ABOUT_RETURN_TYPE = YES_ERROR;
				GCC_WARN_UNDECLARED_SELECTOR = YES;
				GCC_WARN_UNINITIALIZED_AUTOS = YES_AGGRESSIVE;
				GCC_WARN_UNUSED_FUNCTION = YES;
				GCC_WARN_UNUSED_VARIABLE = YES;
				IPHONEOS_DEPLOYMENT_TARGET = 16.4;
				MTL_ENABLE_DEBUG_INFO = NO;
				MTL_FAST_MATH = YES;
				SDKROOT = iphoneos;
				SWIFT_COMPILATION_MODE = wholemodule;
				SWIFT_OPTIMIZATION_LEVEL = "-O";
				VALIDATE_PRODUCT = YES;
			};
			name = Release;
		};
		7420244F29F31AD500548565 /* Debug */ = {
			isa = XCBuildConfiguration;
			buildSettings = {
				ASSETCATALOG_COMPILER_APPICON_NAME = AppIcon;
				ASSETCATALOG_COMPILER_GLOBAL_ACCENT_COLOR_NAME = AccentColor;
				CODE_SIGN_STYLE = Automatic;
				CURRENT_PROJECT_VERSION = 1;
				DEVELOPMENT_ASSET_PATHS = "\"UberClone-SwiftUI/Preview Content\"";
				DEVELOPMENT_TEAM = 3JFC7AD7WA;
				ENABLE_PREVIEWS = YES;
				GENERATE_INFOPLIST_FILE = YES;
				INFOPLIST_KEY_NSLocationWhenInUseUsageDescription = "We need permission for the location";
				INFOPLIST_KEY_UIApplicationSceneManifest_Generation = YES;
				INFOPLIST_KEY_UIApplicationSupportsIndirectInputEvents = YES;
				INFOPLIST_KEY_UILaunchScreen_Generation = YES;
				INFOPLIST_KEY_UISupportedInterfaceOrientations_iPad = "UIInterfaceOrientationPortrait UIInterfaceOrientationPortraitUpsideDown UIInterfaceOrientationLandscapeLeft UIInterfaceOrientationLandscapeRight";
				INFOPLIST_KEY_UISupportedInterfaceOrientations_iPhone = "UIInterfaceOrientationPortrait UIInterfaceOrientationLandscapeLeft UIInterfaceOrientationLandscapeRight";
				LD_RUNPATH_SEARCH_PATHS = (
					"$(inherited)",
					"@executable_path/Frameworks",
				);
				MARKETING_VERSION = 1.0;
				PRODUCT_BUNDLE_IDENTIFIER = "comMuhammed.UberClone-SwiftUI";
				PRODUCT_NAME = "$(TARGET_NAME)";
				SWIFT_EMIT_LOC_STRINGS = YES;
				SWIFT_VERSION = 5.0;
				TARGETED_DEVICE_FAMILY = "1,2";
			};
			name = Debug;
		};
		7420245029F31AD500548565 /* Release */ = {
			isa = XCBuildConfiguration;
			buildSettings = {
				ASSETCATALOG_COMPILER_APPICON_NAME = AppIcon;
				ASSETCATALOG_COMPILER_GLOBAL_ACCENT_COLOR_NAME = AccentColor;
				CODE_SIGN_STYLE = Automatic;
				CURRENT_PROJECT_VERSION = 1;
				DEVELOPMENT_ASSET_PATHS = "\"UberClone-SwiftUI/Preview Content\"";
				DEVELOPMENT_TEAM = 3JFC7AD7WA;
				ENABLE_PREVIEWS = YES;
				GENERATE_INFOPLIST_FILE = YES;
				INFOPLIST_KEY_NSLocationWhenInUseUsageDescription = "We need permission for the location";
				INFOPLIST_KEY_UIApplicationSceneManifest_Generation = YES;
				INFOPLIST_KEY_UIApplicationSupportsIndirectInputEvents = YES;
				INFOPLIST_KEY_UILaunchScreen_Generation = YES;
				INFOPLIST_KEY_UISupportedInterfaceOrientations_iPad = "UIInterfaceOrientationPortrait UIInterfaceOrientationPortraitUpsideDown UIInterfaceOrientationLandscapeLeft UIInterfaceOrientationLandscapeRight";
				INFOPLIST_KEY_UISupportedInterfaceOrientations_iPhone = "UIInterfaceOrientationPortrait UIInterfaceOrientationLandscapeLeft UIInterfaceOrientationLandscapeRight";
				LD_RUNPATH_SEARCH_PATHS = (
					"$(inherited)",
					"@executable_path/Frameworks",
				);
				MARKETING_VERSION = 1.0;
				PRODUCT_BUNDLE_IDENTIFIER = "comMuhammed.UberClone-SwiftUI";
				PRODUCT_NAME = "$(TARGET_NAME)";
				SWIFT_EMIT_LOC_STRINGS = YES;
				SWIFT_VERSION = 5.0;
				TARGETED_DEVICE_FAMILY = "1,2";
			};
			name = Release;
		};
/* End XCBuildConfiguration section */

/* Begin XCConfigurationList section */
		7420243B29F31AD500548565 /* Build configuration list for PBXProject "UberClone-SwiftUI" */ = {
			isa = XCConfigurationList;
			buildConfigurations = (
				7420244C29F31AD500548565 /* Debug */,
				7420244D29F31AD500548565 /* Release */,
			);
			defaultConfigurationIsVisible = 0;
			defaultConfigurationName = Release;
		};
		7420244E29F31AD500548565 /* Build configuration list for PBXNativeTarget "UberClone-SwiftUI" */ = {
			isa = XCConfigurationList;
			buildConfigurations = (
				7420244F29F31AD500548565 /* Debug */,
				7420245029F31AD500548565 /* Release */,
			);
			defaultConfigurationIsVisible = 0;
			defaultConfigurationName = Release;
		};
/* End XCConfigurationList section */
	};
	rootObject = 7420243829F31AD500548565 /* Project object */;
}
